
Microsoft Visual Studio Solution File, Format Version 12.00
# Visual Studio Version 16
VisualStudioVersion = 16.0.31729.503
MinimumVisualStudioVersion = 10.0.40219.1
Project("{FAE04EC0-301F-11D3-BF4B-00C04F79EFBC}") = "SingleDocument_Render", "SingleDocument_Render\SingleDocument_Render.csproj", "{1D010387-B119-4222-AF21-8A596F31287F}"
EndProject
Project("{FAE04EC0-301F-11D3-BF4B-00C04F79EFBC}") = "TestVerifty", "TestVerifty\TestVerifty.csproj", "{B0D5556A-0DA7-491E-87F3-4999EA135DFC}"
EndProject
Global
	GlobalSection(SolutionConfigurationPlatforms) = preSolution
		Debug|Any CPU = Debug|Any CPU
		Release|Any CPU = Release|Any CPU
	EndGlobalSection
	GlobalSection(ProjectConfigurationPlatforms) = postSolution
		{1D010387-B119-4222-AF21-8A596F31287F}.Debug|Any CPU.ActiveCfg = Debug|Any CPU
		{1D010387-B119-4222-AF21-8A596F31287F}.Debug|Any CPU.Build.0 = Debug|Any CPU
		{1D010387-B119-4222-AF21-8A596F31287F}.Release|Any CPU.ActiveCfg = Release|Any CPU
		{1D010387-B119-4222-AF21-8A596F31287F}.Release|Any CPU.Build.0 = Release|Any CPU
		{B0D5556A-0DA7-491E-87F3-4999EA135DFC}.Debug|Any CPU.ActiveCfg = Debug|Any CPU
		{B0D5556A-0DA7-491E-87F3-4999EA135DFC}.Debug|Any CPU.Build.0 = Debug|Any CPU
		{B0D5556A-0DA7-491E-87F3-4999EA135DFC}.Release|Any CPU.ActiveCfg = Release|Any CPU
		{B0D5556A-0DA7-491E-87F3-4999EA135DFC}.Release|Any CPU.Build.0 = Release|Any CPU
	EndGlobalSection
	GlobalSection(SolutionProperties) = preSolution
		HideSolutionNode = FALSE
	EndGlobalSection
	GlobalSection(ExtensibilityGlobals) = postSolution
		SolutionGuid = {B89402C8-EE14-4FD6-9644-4BE4000A54CC}
	EndGlobalSection
EndGlobal
